
Microsoft Visual Studio Solution File, Format Version 10.00
# Visual C++ Express 2008
Project("{8BC9CEB8-8B4A-11D0-8D11-00A0C91BC942}") = "Narveso", "Narveso.vcproj", "{7BECF715-77CC-4B23-932D-07FC1D7EA73F}"
EndProject
Project("{8BC9CEB8-8B4A-11D0-8D11-00A0C91BC942}") = "SDL", "..\..\..\..\..\SDL-1.2.13\SDL-1.2.13\VisualC\SDL\SDL.vcproj", "{81CE8DAF-EBB2-4761-8E45-B71ABCCA8C68}"
EndProject
Project("{8BC9CEB8-8B4A-11D0-8D11-00A0C91BC942}") = "ogg_dynamic", "..\..\libogg-1.1.3\win32\ogg_dynamic.vcproj", "{A291DA7F-17C3-4EAE-A439-13B6AC07FCCB}"
EndProject
Project("{8BC9CEB8-8B4A-11D0-8D11-00A0C91BC942}") = "libvorbis", "..\..\libvorbis-1.2.0\win32\VS2005\libvorbis\libvorbis.vcproj", "{3A214E06-B95E-4D61-A291-1F8DF2EC10FD}"
EndProject
Project("{8BC9CEB8-8B4A-11D0-8D11-00A0C91BC942}") = "SDL_image", "..\..\..\..\..\SDL_image-1.2.7\VisualC\SDL_image.vcproj", "{2BD5534E-00E2-4BEA-AC96-D9A92EA24696}"
EndProject
Project("{8BC9CEB8-8B4A-11D0-8D11-00A0C91BC942}") = "SDL_draw_static", "..\SDL_draw-1.2.13\VC2008EE\SDL_draw_static.vcproj", "{F4D4F391-0FD9-4EB4-91F5-E5B673B7DF6D}"
EndProject
Project("{8BC9CEB8-8B4A-11D0-8D11-00A0C91BC942}") = "ode", "..\..\..\..\..\ode-0.11\build\vs2008\ode.vcproj", "{A8AB1FE6-CCEE-2A4A-8077-7867B48C4818}"
EndProject
Project("{8BC9CEB8-8B4A-11D0-8D11-00A0C91BC942}") = "libvorbisfile-3", "..\..\libvorbis-1.2.0\win32\VS2005\libvorbisfile\libvorbisfile.vcproj", "{CEBDE98B-A6AA-46E6-BC79-FAAF823DB9EC}"
EndProject
Project("{8BC9CEB8-8B4A-11D0-8D11-00A0C91BC942}") = "SDL_ttf", "..\..\..\..\..\SDL-1.2.13\SDL_ttf-2.0.9\VisualC\VisualC\SDL_ttf.vcproj", "{DDDBD07D-DC76-4AF6-8D02-3E2DEB6EE255}"
EndProject
Global
	GlobalSection(SolutionConfigurationPlatforms) = preSolution
		Debug|Win32 = Debug|Win32
		DebugDoubleDLL|Win32 = DebugDoubleDLL|Win32
		DebugDoubleLib|Win32 = DebugDoubleLib|Win32
		DebugSingleDLL|Win32 = DebugSingleDLL|Win32
		DebugSingleLib|Win32 = DebugSingleLib|Win32
		Release_SSE|Win32 = Release_SSE|Win32
		Release_SSE2|Win32 = Release_SSE2|Win32
		Release|Win32 = Release|Win32
		ReleaseDoubleDLL|Win32 = ReleaseDoubleDLL|Win32
		ReleaseDoubleLib|Win32 = ReleaseDoubleLib|Win32
		ReleaseSingleDLL|Win32 = ReleaseSingleDLL|Win32
		ReleaseSingleLib|Win32 = ReleaseSingleLib|Win32
	EndGlobalSection
	GlobalSection(ProjectConfigurationPlatforms) = postSolution
		{7BECF715-77CC-4B23-932D-07FC1D7EA73F}.Debug|Win32.ActiveCfg = Debug|Win32
		{7BECF715-77CC-4B23-932D-07FC1D7EA73F}.Debug|Win32.Build.0 = Debug|Win32
		{7BECF715-77CC-4B23-932D-07FC1D7EA73F}.DebugDoubleDLL|Win32.ActiveCfg = Debug|Win32
		{7BECF715-77CC-4B23-932D-07FC1D7EA73F}.DebugDoubleDLL|Win32.Build.0 = Debug|Win32
		{7BECF715-77CC-4B23-932D-07FC1D7EA73F}.DebugDoubleLib|Win32.ActiveCfg = Debug|Win32
		{7BECF715-77CC-4B23-932D-07FC1D7EA73F}.DebugDoubleLib|Win32.Build.0 = Debug|Win32
		{7BECF715-77CC-4B23-932D-07FC1D7EA73F}.DebugSingleDLL|Win32.ActiveCfg = Debug|Win32
		{7BECF715-77CC-4B23-932D-07FC1D7EA73F}.DebugSingleDLL|Win32.Build.0 = Debug|Win32
		{7BECF715-77CC-4B23-932D-07FC1D7EA73F}.DebugSingleLib|Win32.ActiveCfg = Debug|Win32
		{7BECF715-77CC-4B23-932D-07FC1D7EA73F}.DebugSingleLib|Win32.Build.0 = Debug|Win32
		{7BECF715-77CC-4B23-932D-07FC1D7EA73F}.Release_SSE|Win32.ActiveCfg = Release|Win32
		{7BECF715-77CC-4B23-932D-07FC1D7EA73F}.Release_SSE|Win32.Build.0 = Release|Win32
		{7BECF715-77CC-4B23-932D-07FC1D7EA73F}.Release_SSE2|Win32.ActiveCfg = Release|Win32
		{7BECF715-77CC-4B23-932D-07FC1D7EA73F}.Release_SSE2|Win32.Build.0 = Release|Win32
		{7BECF715-77CC-4B23-932D-07FC1D7EA73F}.Release|Win32.ActiveCfg = Release|Win32
		{7BECF715-77CC-4B23-932D-07FC1D7EA73F}.Release|Win32.Build.0 = Release|Win32
		{7BECF715-77CC-4B23-932D-07FC1D7EA73F}.ReleaseDoubleDLL|Win32.ActiveCfg = Release|Win32
		{7BECF715-77CC-4B23-932D-07FC1D7EA73F}.ReleaseDoubleDLL|Win32.Build.0 = Release|Win32
		{7BECF715-77CC-4B23-932D-07FC1D7EA73F}.ReleaseDoubleLib|Win32.ActiveCfg = Release|Win32
		{7BECF715-77CC-4B23-932D-07FC1D7EA73F}.ReleaseDoubleLib|Win32.Build.0 = Release|Win32
		{7BECF715-77CC-4B23-932D-07FC1D7EA73F}.ReleaseSingleDLL|Win32.ActiveCfg = Release|Win32
		{7BECF715-77CC-4B23-932D-07FC1D7EA73F}.ReleaseSingleDLL|Win32.Build.0 = Release|Win32
		{7BECF715-77CC-4B23-932D-07FC1D7EA73F}.ReleaseSingleLib|Win32.ActiveCfg = Release|Win32
		{7BECF715-77CC-4B23-932D-07FC1D7EA73F}.ReleaseSingleLib|Win32.Build.0 = Release|Win32
		{81CE8DAF-EBB2-4761-8E45-B71ABCCA8C68}.Debug|Win32.ActiveCfg = Debug|Win32
		{81CE8DAF-EBB2-4761-8E45-B71ABCCA8C68}.Debug|Win32.Build.0 = Debug|Win32
		{81CE8DAF-EBB2-4761-8E45-B71ABCCA8C68}.DebugDoubleDLL|Win32.ActiveCfg = Debug|Win32
		{81CE8DAF-EBB2-4761-8E45-B71ABCCA8C68}.DebugDoubleDLL|Win32.Build.0 = Debug|Win32
		{81CE8DAF-EBB2-4761-8E45-B71ABCCA8C68}.DebugDoubleLib|Win32.ActiveCfg = Debug|Win32
		{81CE8DAF-EBB2-4761-8E45-B71ABCCA8C68}.DebugDoubleLib|Win32.Build.0 = Debug|Win32
		{81CE8DAF-EBB2-4761-8E45-B71ABCCA8C68}.DebugSingleDLL|Win32.ActiveCfg = Debug|Win32
		{81CE8DAF-EBB2-4761-8E45-B71ABCCA8C68}.DebugSingleDLL|Win32.Build.0 = Debug|Win32
		{81CE8DAF-EBB2-4761-8E45-B71ABCCA8C68}.DebugSingleLib|Win32.ActiveCfg = Debug|Win32
		{81CE8DAF-EBB2-4761-8E45-B71ABCCA8C68}.DebugSingleLib|Win32.Build.0 = Debug|Win32
		{81CE8DAF-EBB2-4761-8E45-B71ABCCA8C68}.Release_SSE|Win32.ActiveCfg = Release|Win32
		{81CE8DAF-EBB2-4761-8E45-B71ABCCA8C68}.Release_SSE|Win32.Build.0 = Release|Win32
		{81CE8DAF-EBB2-4761-8E45-B71ABCCA8C68}.Release_SSE2|Win32.ActiveCfg = Release|Win32
		{81CE8DAF-EBB2-4761-8E45-B71ABCCA8C68}.Release_SSE2|Win32.Build.0 = Release|Win32
		{81CE8DAF-EBB2-4761-8E45-B71ABCCA8C68}.Release|Win32.ActiveCfg = Release|Win32
		{81CE8DAF-EBB2-4761-8E45-B71ABCCA8C68}.Release|Win32.Build.0 = Release|Win32
		{81CE8DAF-EBB2-4761-8E45-B71ABCCA8C68}.ReleaseDoubleDLL|Win32.ActiveCfg = Release|Win32
		{81CE8DAF-EBB2-4761-8E45-B71ABCCA8C68}.ReleaseDoubleDLL|Win32.Build.0 = Release|Win32
		{81CE8DAF-EBB2-4761-8E45-B71ABCCA8C68}.ReleaseDoubleLib|Win32.ActiveCfg = Release|Win32
		{81CE8DAF-EBB2-4761-8E45-B71ABCCA8C68}.ReleaseDoubleLib|Win32.Build.0 = Release|Win32
		{81CE8DAF-EBB2-4761-8E45-B71ABCCA8C68}.ReleaseSingleDLL|Win32.ActiveCfg = Release|Win32
		{81CE8DAF-EBB2-4761-8E45-B71ABCCA8C68}.ReleaseSingleDLL|Win32.Build.0 = Release|Win32
		{81CE8DAF-EBB2-4761-8E45-B71ABCCA8C68}.ReleaseSingleLib|Win32.ActiveCfg = Release|Win32
		{81CE8DAF-EBB2-4761-8E45-B71ABCCA8C68}.ReleaseSingleLib|Win32.Build.0 = Release|Win32
		{A291DA7F-17C3-4EAE-A439-13B6AC07FCCB}.Debug|Win32.ActiveCfg = Debug|Win32
		{A291DA7F-17C3-4EAE-A439-13B6AC07FCCB}.Debug|Win32.Build.0 = Debug|Win32
		{A291DA7F-17C3-4EAE-A439-13B6AC07FCCB}.DebugDoubleDLL|Win32.ActiveCfg = Debug|Win32
		{A291DA7F-17C3-4EAE-A439-13B6AC07FCCB}.DebugDoubleDLL|Win32.Build.0 = Debug|Win32
		{A291DA7F-17C3-4EAE-A439-13B6AC07FCCB}.DebugDoubleLib|Win32.ActiveCfg = Debug|Win32
		{A291DA7F-17C3-4EAE-A439-13B6AC07FCCB}.DebugDoubleLib|Win32.Build.0 = Debug|Win32
		{A291DA7F-17C3-4EAE-A439-13B6AC07FCCB}.DebugSingleDLL|Win32.ActiveCfg = Debug|Win32
		{A291DA7F-17C3-4EAE-A439-13B6AC07FCCB}.DebugSingleDLL|Win32.Build.0 = Debug|Win32
		{A291DA7F-17C3-4EAE-A439-13B6AC07FCCB}.DebugSingleLib|Win32.ActiveCfg = Debug|Win32
		{A291DA7F-17C3-4EAE-A439-13B6AC07FCCB}.DebugSingleLib|Win32.Build.0 = Debug|Win32
		{A291DA7F-17C3-4EAE-A439-13B6AC07FCCB}.Release_SSE|Win32.ActiveCfg = Release|Win32
		{A291DA7F-17C3-4EAE-A439-13B6AC07FCCB}.Release_SSE|Win32.Build.0 = Release|Win32
		{A291DA7F-17C3-4EAE-A439-13B6AC07FCCB}.Release_SSE2|Win32.ActiveCfg = Release|Win32
		{A291DA7F-17C3-4EAE-A439-13B6AC07FCCB}.Release_SSE2|Win32.Build.0 = Release|Win32
		{A291DA7F-17C3-4EAE-A439-13B6AC07FCCB}.Release|Win32.ActiveCfg = Release|Win32
		{A291DA7F-17C3-4EAE-A439-13B6AC07FCCB}.Release|Win32.Build.0 = Release|Win32
		{A291DA7F-17C3-4EAE-A439-13B6AC07FCCB}.ReleaseDoubleDLL|Win32.ActiveCfg = Release|Win32
		{A291DA7F-17C3-4EAE-A439-13B6AC07FCCB}.ReleaseDoubleDLL|Win32.Build.0 = Release|Win32
		{A291DA7F-17C3-4EAE-A439-13B6AC07FCCB}.ReleaseDoubleLib|Win32.ActiveCfg = Release|Win32
		{A291DA7F-17C3-4EAE-A439-13B6AC07FCCB}.ReleaseDoubleLib|Win32.Build.0 = Release|Win32
		{A291DA7F-17C3-4EAE-A439-13B6AC07FCCB}.ReleaseSingleDLL|Win32.ActiveCfg = Release|Win32
		{A291DA7F-17C3-4EAE-A439-13B6AC07FCCB}.ReleaseSingleDLL|Win32.Build.0 = Release|Win32
		{A291DA7F-17C3-4EAE-A439-13B6AC07FCCB}.ReleaseSingleLib|Win32.ActiveCfg = Release|Win32
		{A291DA7F-17C3-4EAE-A439-13B6AC07FCCB}.ReleaseSingleLib|Win32.Build.0 = Release|Win32
		{3A214E06-B95E-4D61-A291-1F8DF2EC10FD}.Debug|Win32.ActiveCfg = Debug|Win32
		{3A214E06-B95E-4D61-A291-1F8DF2EC10FD}.Debug|Win32.Build.0 = Debug|Win32
		{3A214E06-B95E-4D61-A291-1F8DF2EC10FD}.DebugDoubleDLL|Win32.ActiveCfg = Debug|Win32
		{3A214E06-B95E-4D61-A291-1F8DF2EC10FD}.DebugDoubleDLL|Win32.Build.0 = Debug|Win32
		{3A214E06-B95E-4D61-A291-1F8DF2EC10FD}.DebugDoubleLib|Win32.ActiveCfg = Debug|Win32
		{3A214E06-B95E-4D61-A291-1F8DF2EC10FD}.DebugDoubleLib|Win32.Build.0 = Debug|Win32
		{3A214E06-B95E-4D61-A291-1F8DF2EC10FD}.DebugSingleDLL|Win32.ActiveCfg = Debug|Win32
		{3A214E06-B95E-4D61-A291-1F8DF2EC10FD}.DebugSingleDLL|Win32.Build.0 = Debug|Win32
		{3A214E06-B95E-4D61-A291-1F8DF2EC10FD}.DebugSingleLib|Win32.ActiveCfg = Debug|Win32
		{3A214E06-B95E-4D61-A291-1F8DF2EC10FD}.DebugSingleLib|Win32.Build.0 = Debug|Win32
		{3A214E06-B95E-4D61-A291-1F8DF2EC10FD}.Release_SSE|Win32.ActiveCfg = Release_SSE|Win32
		{3A214E06-B95E-4D61-A291-1F8DF2EC10FD}.Release_SSE|Win32.Build.0 = Release_SSE|Win32
		{3A214E06-B95E-4D61-A291-1F8DF2EC10FD}.Release_SSE2|Win32.ActiveCfg = Release_SSE2|Win32
		{3A214E06-B95E-4D61-A291-1F8DF2EC10FD}.Release_SSE2|Win32.Build.0 = Release_SSE2|Win32
		{3A214E06-B95E-4D61-A291-1F8DF2EC10FD}.Release|Win32.ActiveCfg = Release|Win32
		{3A214E06-B95E-4D61-A291-1F8DF2EC10FD}.Release|Win32.Build.0 = Release|Win32
		{3A214E06-B95E-4D61-A291-1F8DF2EC10FD}.ReleaseDoubleDLL|Win32.ActiveCfg = Release|Win32
		{3A214E06-B95E-4D61-A291-1F8DF2EC10FD}.ReleaseDoubleDLL|Win32.Build.0 = Release|Win32
		{3A214E06-B95E-4D61-A291-1F8DF2EC10FD}.ReleaseDoubleLib|Win32.ActiveCfg = Release_SSE2|Win32
		{3A214E06-B95E-4D61-A291-1F8DF2EC10FD}.ReleaseDoubleLib|Win32.Build.0 = Release_SSE2|Win32
		{3A214E06-B95E-4D61-A291-1F8DF2EC10FD}.ReleaseSingleDLL|Win32.ActiveCfg = Release_SSE2|Win32
		{3A214E06-B95E-4D61-A291-1F8DF2EC10FD}.ReleaseSingleDLL|Win32.Build.0 = Release_SSE2|Win32
		{3A214E06-B95E-4D61-A291-1F8DF2EC10FD}.ReleaseSingleLib|Win32.ActiveCfg = Release_SSE2|Win32
		{3A214E06-B95E-4D61-A291-1F8DF2EC10FD}.ReleaseSingleLib|Win32.Build.0 = Release_SSE2|Win32
		{2BD5534E-00E2-4BEA-AC96-D9A92EA24696}.Debug|Win32.ActiveCfg = Debug|Win32
		{2BD5534E-00E2-4BEA-AC96-D9A92EA24696}.Debug|Win32.Build.0 = Debug|Win32
		{2BD5534E-00E2-4BEA-AC96-D9A92EA24696}.DebugDoubleDLL|Win32.ActiveCfg = Debug|Win32
		{2BD5534E-00E2-4BEA-AC96-D9A92EA24696}.DebugDoubleDLL|Win32.Build.0 = Debug|Win32
		{2BD5534E-00E2-4BEA-AC96-D9A92EA24696}.DebugDoubleLib|Win32.ActiveCfg = Debug|Win32
		{2BD5534E-00E2-4BEA-AC96-D9A92EA24696}.DebugDoubleLib|Win32.Build.0 = Debug|Win32
		{2BD5534E-00E2-4BEA-AC96-D9A92EA24696}.DebugSingleDLL|Win32.ActiveCfg = Debug|Win32
		{2BD5534E-00E2-4BEA-AC96-D9A92EA24696}.DebugSingleDLL|Win32.Build.0 = Debug|Win32
		{2BD5534E-00E2-4BEA-AC96-D9A92EA24696}.DebugSingleLib|Win32.ActiveCfg = Debug|Win32
		{2BD5534E-00E2-4BEA-AC96-D9A92EA24696}.DebugSingleLib|Win32.Build.0 = Debug|Win32
		{2BD5534E-00E2-4BEA-AC96-D9A92EA24696}.Release_SSE|Win32.ActiveCfg = Release|Win32
		{2BD5534E-00E2-4BEA-AC96-D9A92EA24696}.Release_SSE|Win32.Build.0 = Release|Win32
		{2BD5534E-00E2-4BEA-AC96-D9A92EA24696}.Release_SSE2|Win32.ActiveCfg = Release|Win32
		{2BD5534E-00E2-4BEA-AC96-D9A92EA24696}.Release_SSE2|Win32.Build.0 = Release|Win32
		{2BD5534E-00E2-4BEA-AC96-D9A92EA24696}.Release|Win32.ActiveCfg = Release|Win32
		{2BD5534E-00E2-4BEA-AC96-D9A92EA24696}.Release|Win32.Build.0 = Release|Win32
		{2BD5534E-00E2-4BEA-AC96-D9A92EA24696}.ReleaseDoubleDLL|Win32.ActiveCfg = Release|Win32
		{2BD5534E-00E2-4BEA-AC96-D9A92EA24696}.ReleaseDoubleDLL|Win32.Build.0 = Release|Win32
		{2BD5534E-00E2-4BEA-AC96-D9A92EA24696}.ReleaseDoubleLib|Win32.ActiveCfg = Release|Win32
		{2BD5534E-00E2-4BEA-AC96-D9A92EA24696}.ReleaseDoubleLib|Win32.Build.0 = Release|Win32
		{2BD5534E-00E2-4BEA-AC96-D9A92EA24696}.ReleaseSingleDLL|Win32.ActiveCfg = Release|Win32
		{2BD5534E-00E2-4BEA-AC96-D9A92EA24696}.ReleaseSingleDLL|Win32.Build.0 = Release|Win32
		{2BD5534E-00E2-4BEA-AC96-D9A92EA24696}.ReleaseSingleLib|Win32.ActiveCfg = Release|Win32
		{2BD5534E-00E2-4BEA-AC96-D9A92EA24696}.ReleaseSingleLib|Win32.Build.0 = Release|Win32
		{F4D4F391-0FD9-4EB4-91F5-E5B673B7DF6D}.Debug|Win32.ActiveCfg = Debug|Win32
		{F4D4F391-0FD9-4EB4-91F5-E5B673B7DF6D}.Debug|Win32.Build.0 = Debug|Win32
		{F4D4F391-0FD9-4EB4-91F5-E5B673B7DF6D}.DebugDoubleDLL|Win32.ActiveCfg = Debug|Win32
		{F4D4F391-0FD9-4EB4-91F5-E5B673B7DF6D}.DebugDoubleDLL|Win32.Build.0 = Debug|Win32
		{F4D4F391-0FD9-4EB4-91F5-E5B673B7DF6D}.DebugDoubleLib|Win32.ActiveCfg = Debug|Win32
		{F4D4F391-0FD9-4EB4-91F5-E5B673B7DF6D}.DebugDoubleLib|Win32.Build.0 = Debug|Win32
		{F4D4F391-0FD9-4EB4-91F5-E5B673B7DF6D}.DebugSingleDLL|Win32.ActiveCfg = Debug|Win32
		{F4D4F391-0FD9-4EB4-91F5-E5B673B7DF6D}.DebugSingleDLL|Win32.Build.0 = Debug|Win32
		{F4D4F391-0FD9-4EB4-91F5-E5B673B7DF6D}.DebugSingleLib|Win32.ActiveCfg = Debug|Win32
		{F4D4F391-0FD9-4EB4-91F5-E5B673B7DF6D}.DebugSingleLib|Win32.Build.0 = Debug|Win32
		{F4D4F391-0FD9-4EB4-91F5-E5B673B7DF6D}.Release_SSE|Win32.ActiveCfg = Release|Win32
		{F4D4F391-0FD9-4EB4-91F5-E5B673B7DF6D}.Release_SSE|Win32.Build.0 = Release|Win32
		{F4D4F391-0FD9-4EB4-91F5-E5B673B7DF6D}.Release_SSE2|Win32.ActiveCfg = Release|Win32
		{F4D4F391-0FD9-4EB4-91F5-E5B673B7DF6D}.Release_SSE2|Win32.Build.0 = Release|Win32
		{F4D4F391-0FD9-4EB4-91F5-E5B673B7DF6D}.Release|Win32.ActiveCfg = Release|Win32
		{F4D4F391-0FD9-4EB4-91F5-E5B673B7DF6D}.Release|Win32.Build.0 = Release|Win32
		{F4D4F391-0FD9-4EB4-91F5-E5B673B7DF6D}.ReleaseDoubleDLL|Win32.ActiveCfg = Release|Win32
		{F4D4F391-0FD9-4EB4-91F5-E5B673B7DF6D}.ReleaseDoubleDLL|Win32.Build.0 = Release|Win32
		{F4D4F391-0FD9-4EB4-91F5-E5B673B7DF6D}.ReleaseDoubleLib|Win32.ActiveCfg = Release|Win32
		{F4D4F391-0FD9-4EB4-91F5-E5B673B7DF6D}.ReleaseDoubleLib|Win32.Build.0 = Release|Win32
		{F4D4F391-0FD9-4EB4-91F5-E5B673B7DF6D}.ReleaseSingleDLL|Win32.ActiveCfg = Release|Win32
		{F4D4F391-0FD9-4EB4-91F5-E5B673B7DF6D}.ReleaseSingleDLL|Win32.Build.0 = Release|Win32
		{F4D4F391-0FD9-4EB4-91F5-E5B673B7DF6D}.ReleaseSingleLib|Win32.ActiveCfg = Release|Win32
		{F4D4F391-0FD9-4EB4-91F5-E5B673B7DF6D}.ReleaseSingleLib|Win32.Build.0 = Release|Win32
		{A8AB1FE6-CCEE-2A4A-8077-7867B48C4818}.Debug|Win32.ActiveCfg = DebugDoubleLib|Win32
		{A8AB1FE6-CCEE-2A4A-8077-7867B48C4818}.Debug|Win32.Build.0 = DebugDoubleLib|Win32
		{A8AB1FE6-CCEE-2A4A-8077-7867B48C4818}.DebugDoubleDLL|Win32.ActiveCfg = DebugDoubleDLL|Win32
		{A8AB1FE6-CCEE-2A4A-8077-7867B48C4818}.DebugDoubleDLL|Win32.Build.0 = DebugDoubleDLL|Win32
		{A8AB1FE6-CCEE-2A4A-8077-7867B48C4818}.DebugDoubleLib|Win32.ActiveCfg = DebugDoubleLib|Win32
		{A8AB1FE6-CCEE-2A4A-8077-7867B48C4818}.DebugDoubleLib|Win32.Build.0 = DebugDoubleLib|Win32
		{A8AB1FE6-CCEE-2A4A-8077-7867B48C4818}.DebugSingleDLL|Win32.ActiveCfg = DebugSingleDLL|Win32
		{A8AB1FE6-CCEE-2A4A-8077-7867B48C4818}.DebugSingleDLL|Win32.Build.0 = DebugSingleDLL|Win32
		{A8AB1FE6-CCEE-2A4A-8077-7867B48C4818}.DebugSingleLib|Win32.ActiveCfg = DebugSingleLib|Win32
		{A8AB1FE6-CCEE-2A4A-8077-7867B48C4818}.DebugSingleLib|Win32.Build.0 = DebugSingleLib|Win32
		{A8AB1FE6-CCEE-2A4A-8077-7867B48C4818}.Release_SSE|Win32.ActiveCfg = ReleaseDoubleLib|Win32
		{A8AB1FE6-CCEE-2A4A-8077-7867B48C4818}.Release_SSE|Win32.Build.0 = ReleaseDoubleLib|Win32
		{A8AB1FE6-CCEE-2A4A-8077-7867B48C4818}.Release_SSE2|Win32.ActiveCfg = ReleaseDoubleLib|Win32
		{A8AB1FE6-CCEE-2A4A-8077-7867B48C4818}.Release_SSE2|Win32.Build.0 = ReleaseDoubleLib|Win32
		{A8AB1FE6-CCEE-2A4A-8077-7867B48C4818}.Release|Win32.ActiveCfg = ReleaseDoubleLib|Win32
		{A8AB1FE6-CCEE-2A4A-8077-7867B48C4818}.Release|Win32.Build.0 = ReleaseDoubleLib|Win32
		{A8AB1FE6-CCEE-2A4A-8077-7867B48C4818}.ReleaseDoubleDLL|Win32.ActiveCfg = ReleaseDoubleDLL|Win32
		{A8AB1FE6-CCEE-2A4A-8077-7867B48C4818}.ReleaseDoubleDLL|Win32.Build.0 = ReleaseDoubleDLL|Win32
		{A8AB1FE6-CCEE-2A4A-8077-7867B48C4818}.ReleaseDoubleLib|Win32.ActiveCfg = ReleaseDoubleLib|Win32
		{A8AB1FE6-CCEE-2A4A-8077-7867B48C4818}.ReleaseDoubleLib|Win32.Build.0 = ReleaseDoubleLib|Win32
		{A8AB1FE6-CCEE-2A4A-8077-7867B48C4818}.ReleaseSingleDLL|Win32.ActiveCfg = ReleaseSingleDLL|Win32
		{A8AB1FE6-CCEE-2A4A-8077-7867B48C4818}.ReleaseSingleDLL|Win32.Build.0 = ReleaseSingleDLL|Win32
		{A8AB1FE6-CCEE-2A4A-8077-7867B48C4818}.ReleaseSingleLib|Win32.ActiveCfg = ReleaseSingleLib|Win32
		{A8AB1FE6-CCEE-2A4A-8077-7867B48C4818}.ReleaseSingleLib|Win32.Build.0 = ReleaseSingleLib|Win32
		{CEBDE98B-A6AA-46E6-BC79-FAAF823DB9EC}.Debug|Win32.ActiveCfg = Debug|Win32
		{CEBDE98B-A6AA-46E6-BC79-FAAF823DB9EC}.Debug|Win32.Build.0 = Debug|Win32
		{CEBDE98B-A6AA-46E6-BC79-FAAF823DB9EC}.DebugDoubleDLL|Win32.ActiveCfg = Debug|Win32
		{CEBDE98B-A6AA-46E6-BC79-FAAF823DB9EC}.DebugDoubleDLL|Win32.Build.0 = Debug|Win32
		{CEBDE98B-A6AA-46E6-BC79-FAAF823DB9EC}.DebugDoubleLib|Win32.ActiveCfg = Debug|Win32
		{CEBDE98B-A6AA-46E6-BC79-FAAF823DB9EC}.DebugDoubleLib|Win32.Build.0 = Debug|Win32
		{CEBDE98B-A6AA-46E6-BC79-FAAF823DB9EC}.DebugSingleDLL|Win32.ActiveCfg = Debug|Win32
		{CEBDE98B-A6AA-46E6-BC79-FAAF823DB9EC}.DebugSingleDLL|Win32.Build.0 = Debug|Win32
		{CEBDE98B-A6AA-46E6-BC79-FAAF823DB9EC}.DebugSingleLib|Win32.ActiveCfg = Debug|Win32
		{CEBDE98B-A6AA-46E6-BC79-FAAF823DB9EC}.DebugSingleLib|Win32.Build.0 = Debug|Win32
		{CEBDE98B-A6AA-46E6-BC79-FAAF823DB9EC}.Release_SSE|Win32.ActiveCfg = Release|Win32
		{CEBDE98B-A6AA-46E6-BC79-FAAF823DB9EC}.Release_SSE|Win32.Build.0 = Release|Win32
		{CEBDE98B-A6AA-46E6-BC79-FAAF823DB9EC}.Release_SSE2|Win32.ActiveCfg = Release|Win32
		{CEBDE98B-A6AA-46E6-BC79-FAAF823DB9EC}.Release_SSE2|Win32.Build.0 = Release|Win32
		{CEBDE98B-A6AA-46E6-BC79-FAAF823DB9EC}.Release|Win32.ActiveCfg = Release|Win32
		{CEBDE98B-A6AA-46E6-BC79-FAAF823DB9EC}.Release|Win32.Build.0 = Release|Win32
		{CEBDE98B-A6AA-46E6-BC79-FAAF823DB9EC}.ReleaseDoubleDLL|Win32.ActiveCfg = Release|Win32
		{CEBDE98B-A6AA-46E6-BC79-FAAF823DB9EC}.ReleaseDoubleDLL|Win32.Build.0 = Release|Win32
		{CEBDE98B-A6AA-46E6-BC79-FAAF823DB9EC}.ReleaseDoubleLib|Win32.ActiveCfg = Release|Win32
		{CEBDE98B-A6AA-46E6-BC79-FAAF823DB9EC}.ReleaseDoubleLib|Win32.Build.0 = Release|Win32
		{CEBDE98B-A6AA-46E6-BC79-FAAF823DB9EC}.ReleaseSingleDLL|Win32.ActiveCfg = Release|Win32
		{CEBDE98B-A6AA-46E6-BC79-FAAF823DB9EC}.ReleaseSingleDLL|Win32.Build.0 = Release|Win32
		{CEBDE98B-A6AA-46E6-BC79-FAAF823DB9EC}.ReleaseSingleLib|Win32.ActiveCfg = Release|Win32
		{CEBDE98B-A6AA-46E6-BC79-FAAF823DB9EC}.ReleaseSingleLib|Win32.Build.0 = Release|Win32
		{DDDBD07D-DC76-4AF6-8D02-3E2DEB6EE255}.Debug|Win32.ActiveCfg = Debug|Win32
		{DDDBD07D-DC76-4AF6-8D02-3E2DEB6EE255}.Debug|Win32.Build.0 = Debug|Win32
		{DDDBD07D-DC76-4AF6-8D02-3E2DEB6EE255}.DebugDoubleDLL|Win32.ActiveCfg = Debug|Win32
		{DDDBD07D-DC76-4AF6-8D02-3E2DEB6EE255}.DebugDoubleDLL|Win32.Build.0 = Debug|Win32
		{DDDBD07D-DC76-4AF6-8D02-3E2DEB6EE255}.DebugDoubleLib|Win32.ActiveCfg = Debug|Win32
		{DDDBD07D-DC76-4AF6-8D02-3E2DEB6EE255}.DebugDoubleLib|Win32.Build.0 = Debug|Win32
		{DDDBD07D-DC76-4AF6-8D02-3E2DEB6EE255}.DebugSingleDLL|Win32.ActiveCfg = Debug|Win32
		{DDDBD07D-DC76-4AF6-8D02-3E2DEB6EE255}.DebugSingleDLL|Win32.Build.0 = Debug|Win32
		{DDDBD07D-DC76-4AF6-8D02-3E2DEB6EE255}.DebugSingleLib|Win32.ActiveCfg = Debug|Win32
		{DDDBD07D-DC76-4AF6-8D02-3E2DEB6EE255}.DebugSingleLib|Win32.Build.0 = Debug|Win32
		{DDDBD07D-DC76-4AF6-8D02-3E2DEB6EE255}.Release_SSE|Win32.ActiveCfg = Release|Win32
		{DDDBD07D-DC76-4AF6-8D02-3E2DEB6EE255}.Release_SSE|Win32.Build.0 = Release|Win32
		{DDDBD07D-DC76-4AF6-8D02-3E2DEB6EE255}.Release_SSE2|Win32.ActiveCfg = Release|Win32
		{DDDBD07D-DC76-4AF6-8D02-3E2DEB6EE255}.Release_SSE2|Win32.Build.0 = Release|Win32
		{DDDBD07D-DC76-4AF6-8D02-3E2DEB6EE255}.Release|Win32.ActiveCfg = Release|Win32
		{DDDBD07D-DC76-4AF6-8D02-3E2DEB6EE255}.Release|Win32.Build.0 = Release|Win32
		{DDDBD07D-DC76-4AF6-8D02-3E2DEB6EE255}.ReleaseDoubleDLL|Win32.ActiveCfg = Release|Win32
		{DDDBD07D-DC76-4AF6-8D02-3E2DEB6EE255}.ReleaseDoubleDLL|Win32.Build.0 = Release|Win32
		{DDDBD07D-DC76-4AF6-8D02-3E2DEB6EE255}.ReleaseDoubleLib|Win32.ActiveCfg = Release|Win32
		{DDDBD07D-DC76-4AF6-8D02-3E2DEB6EE255}.ReleaseDoubleLib|Win32.Build.0 = Release|Win32
		{DDDBD07D-DC76-4AF6-8D02-3E2DEB6EE255}.ReleaseSingleDLL|Win32.ActiveCfg = Release|Win32
		{DDDBD07D-DC76-4AF6-8D02-3E2DEB6EE255}.ReleaseSingleDLL|Win32.Build.0 = Release|Win32
		{DDDBD07D-DC76-4AF6-8D02-3E2DEB6EE255}.ReleaseSingleLib|Win32.ActiveCfg = Release|Win32
		{DDDBD07D-DC76-4AF6-8D02-3E2DEB6EE255}.ReleaseSingleLib|Win32.Build.0 = Release|Win32
	EndGlobalSection
	GlobalSection(SolutionProperties) = preSolution
		HideSolutionNode = FALSE
	EndGlobalSection
EndGlobal
